// !$*UTF8*$!
{
	archiveVersion = 1;
	classes = {
	};
	objectVersion = 50;
	objects = {

/* Begin PBXBuildFile section */
		E30CDC1129278FE90073B063 /* TableViewCell.swift in Sources */ = {isa = PBXBuildFile; fileRef = E30CDC1029278FE90073B063 /* TableViewCell.swift */; };
		E312A4E32940A47C00D2A4E6 /* SecondViewController.swift in Sources */ = {isa = PBXBuildFile; fileRef = E312A4E22940A47C00D2A4E6 /* SecondViewController.swift */; };
		E335540B291B8A7900EBD8C8 /* AppDelegate.swift in Sources */ = {isa = PBXBuildFile; fileRef = E335540A291B8A7900EBD8C8 /* AppDelegate.swift */; };
		E335540D291B8A7900EBD8C8 /* SceneDelegate.swift in Sources */ = {isa = PBXBuildFile; fileRef = E335540C291B8A7900EBD8C8 /* SceneDelegate.swift */; };
		E335540F291B8A7900EBD8C8 /* ViewController.swift in Sources */ = {isa = PBXBuildFile; fileRef = E335540E291B8A7900EBD8C8 /* ViewController.swift */; };
		E3355412291B8A7900EBD8C8 /* Main.storyboard in Resources */ = {isa = PBXBuildFile; fileRef = E3355410291B8A7900EBD8C8 /* Main.storyboard */; };
		E3355414291B8A8000EBD8C8 /* Assets.xcassets in Resources */ = {isa = PBXBuildFile; fileRef = E3355413291B8A8000EBD8C8 /* Assets.xcassets */; };
		E3355417291B8A8000EBD8C8 /* LaunchScreen.storyboard in Resources */ = {isa = PBXBuildFile; fileRef = E3355415291B8A8000EBD8C8 /* LaunchScreen.storyboard */; };
		E3355423291B8D1800EBD8C8 /* ToDo.swift in Sources */ = {isa = PBXBuildFile; fileRef = E3355422291B8D1800EBD8C8 /* ToDo.swift */; };
		E3355426291B9AC500EBD8C8 /* MyViewController.swift in Sources */ = {isa = PBXBuildFile; fileRef = E3355425291B9AC500EBD8C8 /* MyViewController.swift */; };
		E3FCA51D2943270F00470D1B /* ThirdViewController.swift in Sources */ = {isa = PBXBuildFile; fileRef = E3FCA51C2943270F00470D1B /* ThirdViewController.swift */; };
/* End PBXBuildFile section */

/* Begin PBXFileReference section */
		E30CDC1029278FE90073B063 /* TableViewCell.swift */ = {isa = PBXFileReference; lastKnownFileType = sourcecode.swift; path = TableViewCell.swift; sourceTree = "<group>"; };
		E312A4E22940A47C00D2A4E6 /* SecondViewController.swift */ = {isa = PBXFileReference; lastKnownFileType = sourcecode.swift; path = SecondViewController.swift; sourceTree = "<group>"; };
		E3355407291B8A7900EBD8C8 /* ToDoList.app */ = {isa = PBXFileReference; explicitFileType = wrapper.application; includeInIndex = 0; path = ToDoList.app; sourceTree = BUILT_PRODUCTS_DIR; };
		E335540A291B8A7900EBD8C8 /* AppDelegate.swift */ = {isa = PBXFileReference; lastKnownFileType = sourcecode.swift; path = AppDelegate.swift; sourceTree = "<group>"; };
		E335540C291B8A7900EBD8C8 /* SceneDelegate.swift */ = {isa = PBXFileReference; lastKnownFileType = sourcecode.swift; path = SceneDelegate.swift; sourceTree = "<group>"; };
		E335540E291B8A7900EBD8C8 /* ViewController.swift */ = {isa = PBXFileReference; lastKnownFileType = sourcecode.swift; path = ViewController.swift; sourceTree = "<group>"; };
		E3355411291B8A7900EBD8C8 /* Base */ = {isa = PBXFileReference; lastKnownFileType = file.storyboard; name = Base; path = Base.lproj/Main.storyboard; sourceTree = "<group>"; };
		E3355413291B8A8000EBD8C8 /* Assets.xcassets */ = {isa = PBXFileReference; lastKnownFileType = folder.assetcatalog; path = Assets.xcassets; sourceTree = "<group>"; };
		E3355416291B8A8000EBD8C8 /* Base */ = {isa = PBXFileReference; lastKnownFileType = file.storyboard; name = Base; path = Base.lproj/LaunchScreen.storyboard; sourceTree = "<group>"; };
		E3355418291B8A8000EBD8C8 /* Info.plist */ = {isa = PBXFileReference; lastKnownFileType = text.plist.xml; path = Info.plist; sourceTree = "<group>"; };
		E3355422291B8D1800EBD8C8 /* ToDo.swift */ = {isa = PBXFileReference; lastKnownFileType = sourcecode.swift; path = ToDo.swift; sourceTree = "<group>"; };
		E3355425291B9AC500EBD8C8 /* MyViewController.swift */ = {isa = PBXFileReference; lastKnownFileType = sourcecode.swift; path = MyViewController.swift; sourceTree = "<group>"; };
		E3FCA51C2943270F00470D1B /* ThirdViewController.swift */ = {isa = PBXFileReference; lastKnownFileType = sourcecode.swift; path = ThirdViewController.swift; sourceTree = "<group>"; };
/* End PBXFileReference section */

/* Begin PBXFrameworksBuildPhase section */
		E3355404291B8A7900EBD8C8 /* Frameworks */ = {
			isa = PBXFrameworksBuildPhase;
			buildActionMask = 2147483647;
			files = (
			);
			runOnlyForDeploymentPostprocessing = 0;
		};
/* End PBXFrameworksBuildPhase section */

/* Begin PBXGroup section */
		E33553FE291B8A7900EBD8C8 = {
			isa = PBXGroup;
			children = (
				E3355409291B8A7900EBD8C8 /* ToDoList */,
				E3355408291B8A7900EBD8C8 /* Products */,
			);
			sourceTree = "<group>";
		};
		E3355408291B8A7900EBD8C8 /* Products */ = {
			isa = PBXGroup;
			children = (
				E3355407291B8A7900EBD8C8 /* ToDoList.app */,
			);
			name = Products;
			sourceTree = "<group>";
		};
		E3355409291B8A7900EBD8C8 /* ToDoList */ = {
			isa = PBXGroup;
			children = (
				E335540A291B8A7900EBD8C8 /* AppDelegate.swift */,
				E335540C291B8A7900EBD8C8 /* SceneDelegate.swift */,
				E335540E291B8A7900EBD8C8 /* ViewController.swift */,
				E3355425291B9AC500EBD8C8 /* MyViewController.swift */,
				E3FCA51C2943270F00470D1B /* ThirdViewController.swift */,
				E312A4E22940A47C00D2A4E6 /* SecondViewController.swift */,
				E30CDC1029278FE90073B063 /* TableViewCell.swift */,
				E3355410291B8A7900EBD8C8 /* Main.storyboard */,
				E3355422291B8D1800EBD8C8 /* ToDo.swift */,
				E3355413291B8A8000EBD8C8 /* Assets.xcassets */,
				E3355415291B8A8000EBD8C8 /* LaunchScreen.storyboard */,
				E3355418291B8A8000EBD8C8 /* Info.plist */,
			);
			path = ToDoList;
			sourceTree = "<group>";
		};
/* End PBXGroup section */

/* Begin PBXNativeTarget section */
		E3355406291B8A7900EBD8C8 /* ToDoList */ = {
			isa = PBXNativeTarget;
			buildConfigurationList = E335541B291B8A8000EBD8C8 /* Build configuration list for PBXNativeTarget "ToDoList" */;
			buildPhases = (
				E3355403291B8A7900EBD8C8 /* Sources */,
				E3355404291B8A7900EBD8C8 /* Frameworks */,
				E3355405291B8A7900EBD8C8 /* Resources */,
			);
			buildRules = (
			);
			dependencies = (
			);
			name = ToDoList;
			productName = ToDoList;
			productReference = E3355407291B8A7900EBD8C8 /* ToDoList.app */;
			productType = "com.apple.product-type.application";
		};
/* End PBXNativeTarget section */

/* Begin PBXProject section */
		E33553FF291B8A7900EBD8C8 /* Project object */ = {
			isa = PBXProject;
			attributes = {
				LastSwiftUpdateCheck = 1200;
				LastUpgradeCheck = 1200;
				TargetAttributes = {
					E3355406291B8A7900EBD8C8 = {
						CreatedOnToolsVersion = 12.0.1;
					};
				};
			};
			buildConfigurationList = E3355402291B8A7900EBD8C8 /* Build configuration list for PBXProject "ToDoList" */;
			compatibilityVersion = "Xcode 9.3";
			developmentRegion = en;
			hasScannedForEncodings = 0;
			knownRegions = (
				en,
				Base,
			);
			mainGroup = E33553FE291B8A7900EBD8C8;
			productRefGroup = E3355408291B8A7900EBD8C8 /* Products */;
			projectDirPath = "";
			projectRoot = "";
			targets = (
				E3355406291B8A7900EBD8C8 /* ToDoList */,
			);
		};
/* End PBXProject section */

/* Begin PBXResourcesBuildPhase section */
		E3355405291B8A7900EBD8C8 /* Resources */ = {
			isa = PBXResourcesBuildPhase;
			buildActionMask = 2147483647;
			files = (
				E3355417291B8A8000EBD8C8 /* LaunchScreen.storyboard in Resources */,
				E3355414291B8A8000EBD8C8 /* Assets.xcassets in Resources */,
				E3355412291B8A7900EBD8C8 /* Main.storyboard in Resources */,
			);
			runOnlyForDeploymentPostprocessing = 0;
		};
/* End PBXResourcesBuildPhase section */

/* Begin PBXSourcesBuildPhase section */
		E3355403291B8A7900EBD8C8 /* Sources */ = {
			isa = PBXSourcesBuildPhase;
			buildActionMask = 2147483647;
			files = (
				E335540F291B8A7900EBD8C8 /* ViewController.swift in Sources */,
				E3355423291B8D1800EBD8C8 /* ToDo.swift in Sources */,
				E335540B291B8A7900EBD8C8 /* AppDelegate.swift in Sources */,
				E335540D291B8A7900EBD8C8 /* SceneDelegate.swift in Sources */,
				E312A4E32940A47C00D2A4E6 /* SecondViewController.swift in Sources */,
				E3355426291B9AC500EBD8C8 /* MyViewController.swift in Sources */,
				E3FCA51D2943270F00470D1B /* ThirdViewController.swift in Sources */,
				E30CDC1129278FE90073B063 /* TableViewCell.swift in Sources */,
			);
			runOnlyForDeploymentPostprocessing = 0;
		};
/* End PBXSourcesBuildPhase section */

/* Begin PBXVariantGroup section */
		E3355410291B8A7900EBD8C8 /* Main.storyboard */ = {
			isa = PBXVariantGroup;
			children = (
				E3355411291B8A7900EBD8C8 /* Base */,
			);
			name = Main.storyboard;
			sourceTree = "<group>";
		};
		E3355415291B8A8000EBD8C8 /* LaunchScreen.storyboard */ = {
			isa = PBXVariantGroup;
			children = (
				E3355416291B8A8000EBD8C8 /* Base */,
			);
			name = LaunchScreen.storyboard;
			sourceTree = "<group>";
		};
/* End PBXVariantGroup section */

/* Begin XCBuildConfiguration section */
		E3355419291B8A8000EBD8C8 /* Debug */ = {
			isa = XCBuildConfiguration;
			buildSettings = {
				ALWAYS_SEARCH_USER_PATHS = NO;
				CLANG_ANALYZER_NONNULL = YES;
				CLANG_ANALYZER_NUMBER_OBJECT_CONVERSION = YES_AGGRESSIVE;
				CLANG_CXX_LANGUAGE_STANDARD = "gnu++14";
				CLANG_CXX_LIBRARY = "libc++";
				CLANG_ENABLE_MODULES = YES;
				CLANG_ENABLE_OBJC_ARC = YES;
				CLANG_ENABLE_OBJC_WEAK = YES;
				CLANG_WARN_BLOCK_CAPTURE_AUTORELEASING = YES;
				CLANG_WARN_BOOL_CONVERSION = YES;
				CLANG_WARN_COMMA = YES;
				CLANG_WARN_CONSTANT_CONVERSION = YES;
				CLANG_WARN_DEPRECATED_OBJC_IMPLEMENTATIONS = YES;
				CLANG_WARN_DIRECT_OBJC_ISA_USAGE = YES_ERROR;
				CLANG_WARN_DOCUMENTATION_COMMENTS = YES;
				CLANG_WARN_EMPTY_BODY = YES;
				CLANG_WARN_ENUM_CONVERSION = YES;
				CLANG_WARN_INFINITE_RECURSION = YES;
				CLANG_WARN_INT_CONVERSION = YES;
				CLANG_WARN_NON_LITERAL_NULL_CONVERSION = YES;
				CLANG_WARN_OBJC_IMPLICIT_RETAIN_SELF = YES;
				CLANG_WARN_OBJC_LITERAL_CONVERSION = YES;
				CLANG_WARN_OBJC_ROOT_CLASS = YES_ERROR;
				CLANG_WARN_QUOTED_INCLUDE_IN_FRAMEWORK_HEADER = YES;
				CLANG_WARN_RANGE_LOOP_ANALYSIS = YES;
				CLANG_WARN_STRICT_PROTOTYPES = YES;
				CLANG_WARN_SUSPICIOUS_MOVE = YES;
				CLANG_WARN_UNGUARDED_AVAILABILITY = YES_AGGRESSIVE;
				CLANG_WARN_UNREACHABLE_CODE = YES;
				CLANG_WARN__DUPLICATE_METHOD_MATCH = YES;
				COPY_PHASE_STRIP = NO;
				DEBUG_INFORMATION_FORMAT = dwarf;
				ENABLE_STRICT_OBJC_MSGSEND = YES;
				ENABLE_TESTABILITY = YES;
				GCC_C_LANGUAGE_STANDARD = gnu11;
				GCC_DYNAMIC_NO_PIC = NO;
				GCC_NO_COMMON_BLOCKS = YES;
				GCC_OPTIMIZATION_LEVEL = 0;
				GCC_PREPROCESSOR_DEFINITIONS = (
					"DEBUG=1",
					"$(inherited)",
				);
				GCC_WARN_64_TO_32_BIT_CONVERSION = YES;
				GCC_WARN_ABOUT_RETURN_TYPE = YES_ERROR;
				GCC_WARN_UNDECLARED_SELECTOR = YES;
				GCC_WARN_UNINITIALIZED_AUTOS = YES_AGGRESSIVE;
				GCC_WARN_UNUSED_FUNCTION = YES;
				GCC_WARN_UNUSED_VARIABLE = YES;
				IPHONEOS_DEPLOYMENT_TARGET = 14.0;
				MTL_ENABLE_DEBUG_INFO = INCLUDE_SOURCE;
				MTL_FAST_MATH = YES;
				ONLY_ACTIVE_ARCH = YES;
				SDKROOT = iphoneos;
				SWIFT_ACTIVE_COMPILATION_CONDITIONS = DEBUG;
				SWIFT_OPTIMIZATION_LEVEL = "-Onone";
			};
			name = Debug;
		};
		E335541A291B8A8000EBD8C8 /* Release */ = {
			isa = XCBuildConfiguration;
			buildSettings = {
				ALWAYS_SEARCH_USER_PATHS = NO;
				CLANG_ANALYZER_NONNULL = YES;
				CLANG_ANALYZER_NUMBER_OBJECT_CONVERSION = YES_AGGRESSIVE;
				CLANG_CXX_LANGUAGE_STANDARD = "gnu++14";
				CLANG_CXX_LIBRARY = "libc++";
				CLANG_ENABLE_MODULES = YES;
				CLANG_ENABLE_OBJC_ARC = YES;
				CLANG_ENABLE_OBJC_WEAK = YES;
				CLANG_WARN_BLOCK_CAPTURE_AUTORELEASING = YES;
				CLANG_WARN_BOOL_CONVERSION = YES;
				CLANG_WARN_COMMA = YES;
				CLANG_WARN_CONSTANT_CONVERSION = YES;
				CLANG_WARN_DEPRECATED_OBJC_IMPLEMENTATIONS = YES;
				CLANG_WARN_DIRECT_OBJC_ISA_USAGE = YES_ERROR;
				CLANG_WARN_DOCUMENTATION_COMMENTS = YES;
				CLANG_WARN_EMPTY_BODY = YES;
				CLANG_WARN_ENUM_CONVERSION = YES;
				CLANG_WARN_INFINITE_RECURSION = YES;
				CLANG_WARN_INT_CONVERSION = YES;
				CLANG_WARN_NON_LITERAL_NULL_CONVERSION = YES;
				CLANG_WARN_OBJC_IMPLICIT_RETAIN_SELF = YES;
				CLANG_WARN_OBJC_LITERAL_CONVERSION = YES;
				CLANG_WARN_OBJC_ROOT_CLASS = YES_ERROR;
				CLANG_WARN_QUOTED_INCLUDE_IN_FRAMEWORK_HEADER = YES;
				CLANG_WARN_RANGE_LOOP_ANALYSIS = YES;
				CLANG_WARN_STRICT_PROTOTYPES = YES;
				CLANG_WARN_SUSPICIOUS_MOVE = YES;
				CLANG_WARN_UNGUARDED_AVAILABILITY = YES_AGGRESSIVE;
				CLANG_WARN_UNREACHABLE_CODE = YES;
				CLANG_WARN__DUPLICATE_METHOD_MATCH = YES;
				COPY_PHASE_STRIP = NO;
				DEBUG_INFORMATION_FORMAT = "dwarf-with-dsym";
				ENABLE_NS_ASSERTIONS = NO;
				ENABLE_STRICT_OBJC_MSGSEND = YES;
				GCC_C_LANGUAGE_STANDARD = gnu11;
				GCC_NO_COMMON_BLOCKS = YES;
				GCC_WARN_64_TO_32_BIT_CONVERSION = YES;
				GCC_WARN_ABOUT_RETURN_TYPE = YES_ERROR;
				GCC_WARN_UNDECLARED_SELECTOR = YES;
				GCC_WARN_UNINITIALIZED_AUTOS = YES_AGGRESSIVE;
				GCC_WARN_UNUSED_FUNCTION = YES;
				GCC_WARN_UNUSED_VARIABLE = YES;
				IPHONEOS_DEPLOYMENT_TARGET = 14.0;
				MTL_ENABLE_DEBUG_INFO = NO;
				MTL_FAST_MATH = YES;
				SDKROOT = iphoneos;
				SWIFT_COMPILATION_MODE = wholemodule;
				SWIFT_OPTIMIZATION_LEVEL = "-O";
				VALIDATE_PRODUCT = YES;
			};
			name = Release;
		};
		E335541C291B8A8000EBD8C8 /* Debug */ = {
			isa = XCBuildConfiguration;
			buildSettings = {
				ASSETCATALOG_COMPILER_APPICON_NAME = AppIcon;
				ASSETCATALOG_COMPILER_GLOBAL_ACCENT_COLOR_NAME = AccentColor;
				CODE_SIGN_STYLE = Automatic;
				INFOPLIST_FILE = ToDoList/Info.plist;
				LD_RUNPATH_SEARCH_PATHS = (
					"$(inherited)",
					"@executable_path/Frameworks",
				);
				PRODUCT_BUNDLE_IDENTIFIER = com.lucas.ToDoList;
				PRODUCT_NAME = "$(TARGET_NAME)";
				SWIFT_VERSION = 5.0;
				TARGETED_DEVICE_FAMILY = "1,2";
			};
			name = Debug;
		};
		E335541D291B8A8000EBD8C8 /* Release */ = {
			isa = XCBuildConfiguration;
			buildSettings = {
				ASSETCATALOG_COMPILER_APPICON_NAME = AppIcon;
				ASSETCATALOG_COMPILER_GLOBAL_ACCENT_COLOR_NAME = AccentColor;
				CODE_SIGN_STYLE = Automatic;
				INFOPLIST_FILE = ToDoList/Info.plist;
				LD_RUNPATH_SEARCH_PATHS = (
					"$(inherited)",
					"@executable_path/Frameworks",
				);
				PRODUCT_BUNDLE_IDENTIFIER = com.lucas.ToDoList;
				PRODUCT_NAME = "$(TARGET_NAME)";
				SWIFT_VERSION = 5.0;
				TARGETED_DEVICE_FAMILY = "1,2";
			};
			name = Release;
		};
/* End XCBuildConfiguration section */

/* Begin XCConfigurationList section */
		E3355402291B8A7900EBD8C8 /* Build configuration list for PBXProject "ToDoList" */ = {
			isa = XCConfigurationList;
			buildConfigurations = (
				E3355419291B8A8000EBD8C8 /* Debug */,
				E335541A291B8A8000EBD8C8 /* Release */,
			);
			defaultConfigurationIsVisible = 0;
			defaultConfigurationName = Release;
		};
		E335541B291B8A8000EBD8C8 /* Build configuration list for PBXNativeTarget "ToDoList" */ = {
			isa = XCConfigurationList;
			buildConfigurations = (
				E335541C291B8A8000EBD8C8 /* Debug */,
				E335541D291B8A8000EBD8C8 /* Release */,
			);
			defaultConfigurationIsVisible = 0;
			defaultConfigurationName = Release;
		};
/* End XCConfigurationList section */
	};
	rootObject = E33553FF291B8A7900EBD8C8 /* Project object */;
}
